schema: '2.0'
stages:
  make_dataset:
    cmd: python ./src/make_dataset.py
    deps:
    - path: ./data/raw/creditcard.csv
      hash: md5
      md5: e90efcb83d69faf99fcab8b0255024de
      size: 150828752
    - path: ./src/make_dataset.py
      hash: md5
      md5: 53a2126f0a5b2968119a2236d5872664
      size: 2026
    params:
      params.yaml:
        make_dataset.seed: 2020
        make_dataset.test_split: 0.2
    outs:
    - path: ./data/processed/
      hash: md5
      md5: 4add78936a1a3baab14f66f306765344.dir
      size: 151102527
      nfiles: 2
  train_model:
    cmd: python ./src/train_model.py
    deps:
    - path: ./data/processed/train.csv
      hash: md5
      md5: d7fa07871ed6cdf9993373fd95139c40
      size: 120880799
    - path: ./src/train_model.py
      hash: md5
      md5: 3f7dcec2daa464da0dc617017bf304e3
      size: 1389
    params:
      params.yaml:
        train_model.max_depth: 6
        train_model.n_estimators: 10
    outs:
    - path: ./models/
      hash: md5
      md5: ce47e711b7ed3253c800c7c7f5379e93.dir
      size: 56305
      nfiles: 1
